// !$*UTF8*$!
{
	archiveVersion = 1;
	classes = {
	};
	objectVersion = 45;
	objects = {

/* Begin PBXAggregateTarget section */
		24416B8111C4CA220047AFDD /* Build & Test */ = {
			isa = PBXAggregateTarget;
			buildConfigurationList = 24416B8A11C4CA520047AFDD /* Build configuration list for PBXAggregateTarget "Build & Test" */;
			buildPhases = (
				24416B8011C4CA220047AFDD /* ShellScript */,
			);
			dependencies = (
				24416B8511C4CA280047AFDD /* PBXTargetDependency */,
			);
			name = "Build & Test";
			productName = "Build & test";
		};
/* End PBXAggregateTarget section */

/* Begin PBXBuildFile section */
		24DE9E1111C5FE74003F90F6 /* ComMfoggSquarecameraModuleAssets.h in Headers */ = {isa = PBXBuildFile; fileRef = 24DE9E0F11C5FE74003F90F6 /* ComMfoggSquarecameraModuleAssets.h */; };
		24DE9E1211C5FE74003F90F6 /* ComMfoggSquarecameraModuleAssets.m in Sources */ = {isa = PBXBuildFile; fileRef = 24DE9E1011C5FE74003F90F6 /* ComMfoggSquarecameraModuleAssets.m */; };
		AA747D9F0F9514B9006C5449 /* ComMfoggSquarecamera_Prefix.pch in Headers */ = {isa = PBXBuildFile; fileRef = AA747D9E0F9514B9006C5449 /* ComMfoggSquarecamera_Prefix.pch */; };
		F73DE1FE176295D800CF9F6E /* ComMfoggSquarecameraView.h in Headers */ = {isa = PBXBuildFile; fileRef = F73DE1FA176295D800CF9F6E /* ComMfoggSquarecameraView.h */; };
		F73DE200176295D800CF9F6E /* ComMfoggSquarecameraViewProxy.h in Headers */ = {isa = PBXBuildFile; fileRef = F73DE1FC176295D800CF9F6E /* ComMfoggSquarecameraViewProxy.h */; };
		F73DE201176295D800CF9F6E /* ComMfoggSquarecameraViewProxy.m in Sources */ = {isa = PBXBuildFile; fileRef = F73DE1FD176295D800CF9F6E /* ComMfoggSquarecameraViewProxy.m */; };
		F74BA96C1762B37D004CE26C /* ComMfoggSquarecameraView.m in Sources */ = {isa = PBXBuildFile; fileRef = F74BA96B1762B37D004CE26C /* ComMfoggSquarecameraView.m */; };
		F7A21889176278B400BE60E9 /* ComMfoggSquarecameraModule.h in Headers */ = {isa = PBXBuildFile; fileRef = F7A21887176278B400BE60E9 /* ComMfoggSquarecameraModule.h */; };
		F7A2188A176278B400BE60E9 /* ComMfoggSquarecameraModule.m in Sources */ = {isa = PBXBuildFile; fileRef = F7A21888176278B400BE60E9 /* ComMfoggSquarecameraModule.m */; };
		F7A218931762834800BE60E9 /* CoreGraphics.framework in Frameworks */ = {isa = PBXBuildFile; fileRef = F7A2188B1762834800BE60E9 /* CoreGraphics.framework */; };
		F7A218941762834800BE60E9 /* UIKit.framework in Frameworks */ = {isa = PBXBuildFile; fileRef = F7A2188C1762834800BE60E9 /* UIKit.framework */; };
		F7A218951762834800BE60E9 /* Foundation.framework in Frameworks */ = {isa = PBXBuildFile; fileRef = F7A2188D1762834800BE60E9 /* Foundation.framework */; };
		F7A218961762834800BE60E9 /* AVFoundation.framework in Frameworks */ = {isa = PBXBuildFile; fileRef = F7A2188E1762834800BE60E9 /* AVFoundation.framework */; };
		F7A218971762834800BE60E9 /* CoreVideo.framework in Frameworks */ = {isa = PBXBuildFile; fileRef = F7A2188F1762834800BE60E9 /* CoreVideo.framework */; };
		F7A218981762834800BE60E9 /* CoreMedia.framework in Frameworks */ = {isa = PBXBuildFile; fileRef = F7A218901762834800BE60E9 /* CoreMedia.framework */; };
		F7A218991762834800BE60E9 /* QuartzCore.framework in Frameworks */ = {isa = PBXBuildFile; fileRef = F7A218911762834800BE60E9 /* QuartzCore.framework */; };
		F7A2189A1762834800BE60E9 /* AudioToolbox.framework in Frameworks */ = {isa = PBXBuildFile; fileRef = F7A218921762834800BE60E9 /* AudioToolbox.framework */; };
/* End PBXBuildFile section */

/* Begin PBXContainerItemProxy section */
		24416B8411C4CA280047AFDD /* PBXContainerItemProxy */ = {
			isa = PBXContainerItemProxy;
			containerPortal = 0867D690FE84028FC02AAC07 /* Project object */;
			proxyType = 1;
			remoteGlobalIDString = D2AAC07D0554694100DB518D;
			remoteInfo = SquareCamera;
		};
/* End PBXContainerItemProxy section */

/* Begin PBXFileReference section */
		24DD6D1B1134B66800162E58 /* titanium.xcconfig */ = {isa = PBXFileReference; fileEncoding = 4; lastKnownFileType = text.xcconfig; path = titanium.xcconfig; sourceTree = "<group>"; };
		24DE9E0F11C5FE74003F90F6 /* ComMfoggSquarecameraModuleAssets.h */ = {isa = PBXFileReference; fileEncoding = 4; lastKnownFileType = sourcecode.c.h; name = ComMfoggSquarecameraModuleAssets.h; path = Classes/ComMfoggSquarecameraModuleAssets.h; sourceTree = "<group>"; };
		24DE9E1011C5FE74003F90F6 /* ComMfoggSquarecameraModuleAssets.m */ = {isa = PBXFileReference; fileEncoding = 4; lastKnownFileType = sourcecode.c.objc; name = ComMfoggSquarecameraModuleAssets.m; path = Classes/ComMfoggSquarecameraModuleAssets.m; sourceTree = "<group>"; };
		AA747D9E0F9514B9006C5449 /* ComMfoggSquarecamera_Prefix.pch */ = {isa = PBXFileReference; fileEncoding = 4; lastKnownFileType = sourcecode.c.h; path = ComMfoggSquarecamera_Prefix.pch; sourceTree = SOURCE_ROOT; };
		D2AAC07E0554694100DB518D /* libComMfoggSquarecamera.a */ = {isa = PBXFileReference; explicitFileType = archive.ar; includeInIndex = 0; path = libComMfoggSquarecamera.a; sourceTree = BUILT_PRODUCTS_DIR; };
		F73DE1FA176295D800CF9F6E /* ComMfoggSquarecameraView.h */ = {isa = PBXFileReference; fileEncoding = 4; lastKnownFileType = sourcecode.c.h; name = ComMfoggSquarecameraView.h; path = Classes/ComMfoggSquarecameraView.h; sourceTree = "<group>"; };
		F73DE1FC176295D800CF9F6E /* ComMfoggSquarecameraViewProxy.h */ = {isa = PBXFileReference; fileEncoding = 4; lastKnownFileType = sourcecode.c.h; name = ComMfoggSquarecameraViewProxy.h; path = Classes/ComMfoggSquarecameraViewProxy.h; sourceTree = "<group>"; };
		F73DE1FD176295D800CF9F6E /* ComMfoggSquarecameraViewProxy.m */ = {isa = PBXFileReference; fileEncoding = 4; lastKnownFileType = sourcecode.c.objc; name = ComMfoggSquarecameraViewProxy.m; path = Classes/ComMfoggSquarecameraViewProxy.m; sourceTree = "<group>"; };
		F74BA96B1762B37D004CE26C /* ComMfoggSquarecameraView.m */ = {isa = PBXFileReference; fileEncoding = 4; lastKnownFileType = sourcecode.c.objc; name = ComMfoggSquarecameraView.m; path = Classes/ComMfoggSquarecameraView.m; sourceTree = "<group>"; };
		F7A21887176278B400BE60E9 /* ComMfoggSquarecameraModule.h */ = {isa = PBXFileReference; fileEncoding = 4; lastKnownFileType = sourcecode.c.h; name = ComMfoggSquarecameraModule.h; path = Classes/ComMfoggSquarecameraModule.h; sourceTree = "<group>"; };
		F7A21888176278B400BE60E9 /* ComMfoggSquarecameraModule.m */ = {isa = PBXFileReference; fileEncoding = 4; lastKnownFileType = sourcecode.c.objc; name = ComMfoggSquarecameraModule.m; path = Classes/ComMfoggSquarecameraModule.m; sourceTree = "<group>"; };
		F7A2188B1762834800BE60E9 /* CoreGraphics.framework */ = {isa = PBXFileReference; lastKnownFileType = wrapper.framework; path = CoreGraphics.framework; sourceTree = "<group>"; };
		F7A2188C1762834800BE60E9 /* UIKit.framework */ = {isa = PBXFileReference; lastKnownFileType = wrapper.framework; path = UIKit.framework; sourceTree = "<group>"; };
		F7A2188D1762834800BE60E9 /* Foundation.framework */ = {isa = PBXFileReference; lastKnownFileType = wrapper.framework; path = Foundation.framework; sourceTree = "<group>"; };
		F7A2188E1762834800BE60E9 /* AVFoundation.framework */ = {isa = PBXFileReference; lastKnownFileType = wrapper.framework; path = AVFoundation.framework; sourceTree = "<group>"; };
		F7A2188F1762834800BE60E9 /* CoreVideo.framework */ = {isa = PBXFileReference; lastKnownFileType = wrapper.framework; path = CoreVideo.framework; sourceTree = "<group>"; };
		F7A218901762834800BE60E9 /* CoreMedia.framework */ = {isa = PBXFileReference; lastKnownFileType = wrapper.framework; path = CoreMedia.framework; sourceTree = "<group>"; };
		F7A218911762834800BE60E9 /* QuartzCore.framework */ = {isa = PBXFileReference; lastKnownFileType = wrapper.framework; path = QuartzCore.framework; sourceTree = "<group>"; };
		F7A218921762834800BE60E9 /* AudioToolbox.framework */ = {isa = PBXFileReference; lastKnownFileType = wrapper.framework; path = AudioToolbox.framework; sourceTree = "<group>"; };
/* End PBXFileReference section */

/* Begin PBXFrameworksBuildPhase section */
		D2AAC07C0554694100DB518D /* Frameworks */ = {
			isa = PBXFrameworksBuildPhase;
			buildActionMask = 2147483647;
			files = (
				F7A218931762834800BE60E9 /* CoreGraphics.framework in Frameworks */,
				F7A218941762834800BE60E9 /* UIKit.framework in Frameworks */,
				F7A218951762834800BE60E9 /* Foundation.framework in Frameworks */,
				F7A218961762834800BE60E9 /* AVFoundation.framework in Frameworks */,
				F7A218971762834800BE60E9 /* CoreVideo.framework in Frameworks */,
				F7A218981762834800BE60E9 /* CoreMedia.framework in Frameworks */,
				F7A218991762834800BE60E9 /* QuartzCore.framework in Frameworks */,
				F7A2189A1762834800BE60E9 /* AudioToolbox.framework in Frameworks */,
			);
			runOnlyForDeploymentPostprocessing = 0;
		};
/* End PBXFrameworksBuildPhase section */

/* Begin PBXGroup section */
		034768DFFF38A50411DB9C8B /* Products */ = {
			isa = PBXGroup;
			children = (
				D2AAC07E0554694100DB518D /* libComMfoggSquarecamera.a */,
			);
			name = Products;
			sourceTree = "<group>";
		};
		0867D691FE84028FC02AAC07 /* SquareCamera */ = {
			isa = PBXGroup;
			children = (
				08FB77AEFE84172EC02AAC07 /* Classes */,
				32C88DFF0371C24200C91783 /* Other Sources */,
				0867D69AFE84028FC02AAC07 /* Frameworks */,
				034768DFFF38A50411DB9C8B /* Products */,
			);
			name = SquareCamera;
			sourceTree = "<group>";
		};
		0867D69AFE84028FC02AAC07 /* Frameworks */ = {
			isa = PBXGroup;
			children = (
				F7A2188B1762834800BE60E9 /* CoreGraphics.framework */,
				F7A2188C1762834800BE60E9 /* UIKit.framework */,
				F7A2188D1762834800BE60E9 /* Foundation.framework */,
				F7A2188E1762834800BE60E9 /* AVFoundation.framework */,
				F7A2188F1762834800BE60E9 /* CoreVideo.framework */,
				F7A218901762834800BE60E9 /* CoreMedia.framework */,
				F7A218911762834800BE60E9 /* QuartzCore.framework */,
				F7A218921762834800BE60E9 /* AudioToolbox.framework */,
			);
			name = Frameworks;
			sourceTree = "<group>";
		};
		08FB77AEFE84172EC02AAC07 /* Classes */ = {
			isa = PBXGroup;
			children = (
				24DE9E0F11C5FE74003F90F6 /* ComMfoggSquarecameraModuleAssets.h */,
				24DE9E1011C5FE74003F90F6 /* ComMfoggSquarecameraModuleAssets.m */,
				F7A21887176278B400BE60E9 /* ComMfoggSquarecameraModule.h */,
				F7A21888176278B400BE60E9 /* ComMfoggSquarecameraModule.m */,
				F74BA96B1762B37D004CE26C /* ComMfoggSquarecameraView.m */,
				F73DE1FA176295D800CF9F6E /* ComMfoggSquarecameraView.h */,
				F73DE1FC176295D800CF9F6E /* ComMfoggSquarecameraViewProxy.h */,
				F73DE1FD176295D800CF9F6E /* ComMfoggSquarecameraViewProxy.m */,
			);
			name = Classes;
			sourceTree = "<group>";
		};
		32C88DFF0371C24200C91783 /* Other Sources */ = {
			isa = PBXGroup;
			children = (
				AA747D9E0F9514B9006C5449 /* ComMfoggSquarecamera_Prefix.pch */,
				24DD6D1B1134B66800162E58 /* titanium.xcconfig */,
			);
			name = "Other Sources";
			sourceTree = "<group>";
		};
/* End PBXGroup section */

/* Begin PBXHeadersBuildPhase section */
		D2AAC07A0554694100DB518D /* Headers */ = {
			isa = PBXHeadersBuildPhase;
			buildActionMask = 2147483647;
			files = (
				AA747D9F0F9514B9006C5449 /* ComMfoggSquarecamera_Prefix.pch in Headers */,
				24DE9E1111C5FE74003F90F6 /* ComMfoggSquarecameraModuleAssets.h in Headers */,
				F7A21889176278B400BE60E9 /* ComMfoggSquarecameraModule.h in Headers */,
				F73DE1FE176295D800CF9F6E /* ComMfoggSquarecameraView.h in Headers */,
				F73DE200176295D800CF9F6E /* ComMfoggSquarecameraViewProxy.h in Headers */,
			);
			runOnlyForDeploymentPostprocessing = 0;
		};
/* End PBXHeadersBuildPhase section */

/* Begin PBXNativeTarget section */
		D2AAC07D0554694100DB518D /* SquareCamera */ = {
			isa = PBXNativeTarget;
			buildConfigurationList = 1DEB921E08733DC00010E9CD /* Build configuration list for PBXNativeTarget "SquareCamera" */;
			buildPhases = (
				D2AAC07A0554694100DB518D /* Headers */,
				D2AAC07B0554694100DB518D /* Sources */,
				D2AAC07C0554694100DB518D /* Frameworks */,
			);
			buildRules = (
			);
			dependencies = (
			);
			name = SquareCamera;
			productName = SquareCamera;
			productReference = D2AAC07E0554694100DB518D /* libComMfoggSquarecamera.a */;
			productType = "com.apple.product-type.library.static";
		};
/* End PBXNativeTarget section */

/* Begin PBXProject section */
		0867D690FE84028FC02AAC07 /* Project object */ = {
			isa = PBXProject;
			buildConfigurationList = 1DEB922208733DC00010E9CD /* Build configuration list for PBXProject "SquareCamera" */;
			compatibilityVersion = "Xcode 3.1";
			developmentRegion = English;
			hasScannedForEncodings = 1;
			knownRegions = (
				English,
				Japanese,
				French,
				German,
			);
			mainGroup = 0867D691FE84028FC02AAC07 /* SquareCamera */;
			productRefGroup = 034768DFFF38A50411DB9C8B /* Products */;
			projectDirPath = "";
			projectRoot = "";
			targets = (
				D2AAC07D0554694100DB518D /* SquareCamera */,
				24416B8111C4CA220047AFDD /* Build & Test */,
			);
		};
/* End PBXProject section */

/* Begin PBXShellScriptBuildPhase section */
		24416B8011C4CA220047AFDD /* ShellScript */ = {
			isa = PBXShellScriptBuildPhase;
			buildActionMask = 2147483647;
			files = (
			);
			inputPaths = (
			);
			outputPaths = (
			);
			runOnlyForDeploymentPostprocessing = 0;
			shellPath = /bin/sh;
			shellScript = "# shell script goes here\n\npython \"${TITANIUM_SDK}/titanium.py\" run --dir=\"${PROJECT_DIR}\"\nexit $?\n";
		};
/* End PBXShellScriptBuildPhase section */

/* Begin PBXSourcesBuildPhase section */
		D2AAC07B0554694100DB518D /* Sources */ = {
			isa = PBXSourcesBuildPhase;
			buildActionMask = 2147483647;
			files = (
				24DE9E1211C5FE74003F90F6 /* ComMfoggSquarecameraModuleAssets.m in Sources */,
				F7A2188A176278B400BE60E9 /* ComMfoggSquarecameraModule.m in Sources */,
				F73DE201176295D800CF9F6E /* ComMfoggSquarecameraViewProxy.m in Sources */,
				F74BA96C1762B37D004CE26C /* ComMfoggSquarecameraView.m in Sources */,
			);
			runOnlyForDeploymentPostprocessing = 0;
		};
/* End PBXSourcesBuildPhase section */

/* Begin PBXTargetDependency section */
		24416B8511C4CA280047AFDD /* PBXTargetDependency */ = {
			isa = PBXTargetDependency;
			target = D2AAC07D0554694100DB518D /* SquareCamera */;
			targetProxy = 24416B8411C4CA280047AFDD /* PBXContainerItemProxy */;
		};
/* End PBXTargetDependency section */

/* Begin XCBuildConfiguration section */
		1DEB921F08733DC00010E9CD /* Debug */ = {
			isa = XCBuildConfiguration;
			baseConfigurationReference = 24DD6D1B1134B66800162E58 /* titanium.xcconfig */;
			buildSettings = {
				CODE_SIGN_IDENTITY = "iPhone Developer";
				"CODE_SIGN_IDENTITY[sdk=iphoneos*]" = "iPhone Developer";
				DSTROOT = /tmp/ComMfoggSquarecamera.dst;
				FRAMEWORK_SEARCH_PATHS = (
					"$(inherited)",
					"\"$(SRCROOT)\"",
				);
				GCC_C_LANGUAGE_STANDARD = c99;
				GCC_OPTIMIZATION_LEVEL = 0;
				GCC_PRECOMPILE_PREFIX_HEADER = YES;
				GCC_PREFIX_HEADER = ComMfoggSquarecamera_Prefix.pch;
				GCC_PREPROCESSOR_DEFINITIONS = "TI_VERSION=$(TI_VERSION)";
				GCC_TREAT_WARNINGS_AS_ERRORS = NO;
				GCC_VERSION = "";
				GCC_WARN_ABOUT_RETURN_TYPE = NO;
				GCC_WARN_MISSING_PARENTHESES = NO;
				GCC_WARN_SHADOW = NO;
				GCC_WARN_STRICT_SELECTOR_MATCH = NO;
				GCC_WARN_UNUSED_FUNCTION = YES;
				GCC_WARN_UNUSED_PARAMETER = NO;
				GCC_WARN_UNUSED_VALUE = NO;
				GCC_WARN_UNUSED_VARIABLE = NO;
				INSTALL_PATH = /usr/local/lib;
				LIBRARY_SEARCH_PATHS = "";
				OTHER_CFLAGS = (
					"-DDEBUG",
					"-DTI_POST_1_2",
				);
				OTHER_LDFLAGS = "-ObjC";
				PRODUCT_NAME = ComMfoggSquarecamera;
				PROVISIONING_PROFILE = "";
				"PROVISIONING_PROFILE[sdk=iphoneos*]" = "";
				RUN_CLANG_STATIC_ANALYZER = NO;
				SDKROOT = iphoneos;
				USER_HEADER_SEARCH_PATHS = "";
			};
			name = Debug;
		};
		1DEB922008733DC00010E9CD /* Release */ = {
			isa = XCBuildConfiguration;
			baseConfigurationReference = 24DD6D1B1134B66800162E58 /* titanium.xcconfig */;
			buildSettings = {
				ALWAYS_SEARCH_USER_PATHS = NO;
				DSTROOT = /tmp/ComMfoggSquarecamera.dst;
				FRAMEWORK_SEARCH_PATHS = (
					"$(inherited)",
					"\"$(SRCROOT)\"",
				);
				GCC_C_LANGUAGE_STANDARD = c99;
				GCC_MODEL_TUNING = G5;
				GCC_PRECOMPILE_PREFIX_HEADER = YES;
				GCC_PREFIX_HEADER = ComMfoggSquarecamera_Prefix.pch;
				GCC_PREPROCESSOR_DEFINITIONS = "TI_VERSION=$(TI_VERSION)";
				GCC_TREAT_WARNINGS_AS_ERRORS = NO;
				GCC_VERSION = "";
				GCC_WARN_ABOUT_RETURN_TYPE = NO;
				GCC_WARN_MISSING_PARENTHESES = NO;
				GCC_WARN_SHADOW = NO;
				GCC_WARN_STRICT_SELECTOR_MATCH = NO;
				GCC_WARN_UNUSED_FUNCTION = YES;
				GCC_WARN_UNUSED_PARAMETER = NO;
				GCC_WARN_UNUSED_VALUE = NO;
				GCC_WARN_UNUSED_VARIABLE = NO;
				INSTALL_PATH = /usr/local/lib;
				IPHONEOS_DEPLOYMENT_TARGET = 4.0;
				LIBRARY_SEARCH_PATHS = "";
				OTHER_CFLAGS = "-DTI_POST_1_2";
				OTHER_LDFLAGS = "-ObjC";
				PRODUCT_NAME = ComMfoggSquarecamera;
				RUN_CLANG_STATIC_ANALYZER = NO;
				SDKROOT = iphoneos;
				USER_HEADER_SEARCH_PATHS = "";
			};
			name = Release;
		};
		1DEB922308733DC00010E9CD /* Debug */ = {
			isa = XCBuildConfiguration;
			baseConfigurationReference = 24DD6D1B1134B66800162E58 /* titanium.xcconfig */;
			buildSettings = {
				CODE_SIGN_IDENTITY = "iPhone Developer";
				"CODE_SIGN_IDENTITY[sdk=iphoneos*]" = "iPhone Developer";
				DSTROOT = /tmp/ComMfoggSquarecamera.dst;
				GCC_C_LANGUAGE_STANDARD = c99;
				GCC_OPTIMIZATION_LEVEL = 0;
				GCC_PRECOMPILE_PREFIX_HEADER = YES;
				GCC_PREFIX_HEADER = ComMfoggSquarecamera_Prefix.pch;
				GCC_PREPROCESSOR_DEFINITIONS = "TI_VERSION=$(TI_VERSION)";
				GCC_TREAT_WARNINGS_AS_ERRORS = NO;
				GCC_VERSION = "";
				GCC_WARN_ABOUT_RETURN_TYPE = NO;
				GCC_WARN_MISSING_PARENTHESES = NO;
				GCC_WARN_SHADOW = NO;
				GCC_WARN_STRICT_SELECTOR_MATCH = NO;
				GCC_WARN_UNUSED_FUNCTION = YES;
				GCC_WARN_UNUSED_PARAMETER = NO;
				GCC_WARN_UNUSED_VALUE = NO;
				GCC_WARN_UNUSED_VARIABLE = NO;
				INSTALL_PATH = /usr/local/lib;
				OTHER_CFLAGS = (
					"-DDEBUG",
					"-DTI_POST_1_2",
				);
				OTHER_LDFLAGS = "-ObjC";
				PRODUCT_NAME = ComMfoggSquarecamera;
				PROVISIONING_PROFILE = "";
				"PROVISIONING_PROFILE[sdk=iphoneos*]" = "";
				RUN_CLANG_STATIC_ANALYZER = NO;
				SDKROOT = iphoneos;
				USER_HEADER_SEARCH_PATHS = "";
			};
			name = Debug;
		};
		1DEB922408733DC00010E9CD /* Release */ = {
			isa = XCBuildConfiguration;
			baseConfigurationReference = 24DD6D1B1134B66800162E58 /* titanium.xcconfig */;
			buildSettings = {
				ALWAYS_SEARCH_USER_PATHS = NO;
				DSTROOT = /tmp/ComMfoggSquarecamera.dst;
				GCC_C_LANGUAGE_STANDARD = c99;
				GCC_MODEL_TUNING = G5;
				GCC_PRECOMPILE_PREFIX_HEADER = YES;
				GCC_PREFIX_HEADER = ComMfoggSquarecamera_Prefix.pch;
				GCC_PREPROCESSOR_DEFINITIONS = "TI_VERSION=$(TI_VERSION)";
				GCC_TREAT_WARNINGS_AS_ERRORS = NO;
				GCC_VERSION = "";
				GCC_WARN_ABOUT_RETURN_TYPE = NO;
				GCC_WARN_MISSING_PARENTHESES = NO;
				GCC_WARN_SHADOW = NO;
				GCC_WARN_STRICT_SELECTOR_MATCH = NO;
				GCC_WARN_UNUSED_FUNCTION = YES;
				GCC_WARN_UNUSED_PARAMETER = NO;
				GCC_WARN_UNUSED_VALUE = NO;
				GCC_WARN_UNUSED_VARIABLE = NO;
				INSTALL_PATH = /usr/local/lib;
				IPHONEOS_DEPLOYMENT_TARGET = 4.0;
				OTHER_CFLAGS = "-DTI_POST_1_2";
				OTHER_LDFLAGS = "-ObjC";
				PRODUCT_NAME = ComMfoggSquarecamera;
				RUN_CLANG_STATIC_ANALYZER = NO;
				SDKROOT = iphoneos;
				USER_HEADER_SEARCH_PATHS = "";
			};
			name = Release;
		};
		24416B8211C4CA220047AFDD /* Debug */ = {
			isa = XCBuildConfiguration;
			baseConfigurationReference = 24DD6D1B1134B66800162E58 /* titanium.xcconfig */;
			buildSettings = {
				COPY_PHASE_STRIP = NO;
				GCC_DYNAMIC_NO_PIC = NO;
				GCC_OPTIMIZATION_LEVEL = 0;
				PRODUCT_NAME = "Build & test";
			};
			name = Debug;
		};
		24416B8311C4CA220047AFDD /* Release */ = {
			isa = XCBuildConfiguration;
			baseConfigurationReference = 24DD6D1B1134B66800162E58 /* titanium.xcconfig */;
			buildSettings = {
				COPY_PHASE_STRIP = YES;
				DEBUG_INFORMATION_FORMAT = "dwarf-with-dsym";
				GCC_ENABLE_FIX_AND_CONTINUE = NO;
				PRODUCT_NAME = "Build & test";
				ZERO_LINK = NO;
			};
			name = Release;
		};
/* End XCBuildConfiguration section */

/* Begin XCConfigurationList section */
		1DEB921E08733DC00010E9CD /* Build configuration list for PBXNativeTarget "SquareCamera" */ = {
			isa = XCConfigurationList;
			buildConfigurations = (
				1DEB921F08733DC00010E9CD /* Debug */,
				1DEB922008733DC00010E9CD /* Release */,
			);
			defaultConfigurationIsVisible = 0;
			defaultConfigurationName = Release;
		};
		1DEB922208733DC00010E9CD /* Build configuration list for PBXProject "SquareCamera" */ = {
			isa = XCConfigurationList;
			buildConfigurations = (
				1DEB922308733DC00010E9CD /* Debug */,
				1DEB922408733DC00010E9CD /* Release */,
			);
			defaultConfigurationIsVisible = 0;
			defaultConfigurationName = Release;
		};
		24416B8A11C4CA520047AFDD /* Build configuration list for PBXAggregateTarget "Build & Test" */ = {
			isa = XCConfigurationList;
			buildConfigurations = (
				24416B8211C4CA220047AFDD /* Debug */,
				24416B8311C4CA220047AFDD /* Release */,
			);
			defaultConfigurationIsVisible = 0;
			defaultConfigurationName = Release;
		};
/* End XCConfigurationList section */
	};
	rootObject = 0867D690FE84028FC02AAC07 /* Project object */;
}
